
Microsoft Visual Studio Solution File, Format Version 12.00
# Visual Studio Version 16
VisualStudioVersion = 16.0.31025.194
MinimumVisualStudioVersion = 10.0.40219.1
Project("{FAE04EC0-301F-11D3-BF4B-00C04F79EFBC}") = "AutomatedScript", "AutomatedScript.csproj", "{A4C938B1-D37D-429E-A6F4-04DD278B8647}"
EndProject
Global
	GlobalSection(SolutionConfigurationPlatforms) = preSolution
		Debug|Any CPU = Debug|Any CPU
		Release|Any CPU = Release|Any CPU
	EndGlobalSection
	GlobalSection(ProjectConfigurationPlatforms) = postSolution
		{A4C938B1-D37D-429E-A6F4-04DD278B8647}.Debug|Any CPU.ActiveCfg = Debug|Any CPU
		{A4C938B1-D37D-429E-A6F4-04DD278B8647}.Debug|Any CPU.Build.0 = Debug|Any CPU
		{A4C938B1-D37D-429E-A6F4-04DD278B8647}.Release|Any CPU.ActiveCfg = Release|Any CPU
		{A4C938B1-D37D-429E-A6F4-04DD278B8647}.Release|Any CPU.Build.0 = Release|Any CPU
	EndGlobalSection
	GlobalSection(SolutionProperties) = preSolution
		HideSolutionNode = FALSE
	EndGlobalSection
	GlobalSection(ExtensibilityGlobals) = postSolution
		SolutionGuid = {245F1A43-A305-4A94-B5BF-6BE7A1E46166}
	EndGlobalSection
EndGlobal
